
Microsoft Visual Studio Solution File, Format Version 12.00
# Visual Studio 15
VisualStudioVersion = 15.0.28307.1622
MinimumVisualStudioVersion = 10.0.40219.1
Project("{8BC9CEB8-8B4A-11D0-8D11-00A0C91BC942}") = "VimbaIDL", "VimbaIDL.vcxproj", "{E89AFC35-70B8-4BED-832F-E8CE18494321}"
EndProject
Global
	GlobalSection(SolutionConfigurationPlatforms) = preSolution
		Debug|x64 = Debug|x64
		Debug|x86 = Debug|x86
		Release|x64 = Release|x64
		Release|x86 = Release|x86
	EndGlobalSection
	GlobalSection(ProjectConfigurationPlatforms) = postSolution
		{E89AFC35-70B8-4BED-832F-E8CE18494321}.Debug|x64.ActiveCfg = Debug|x64
		{E89AFC35-70B8-4BED-832F-E8CE18494321}.Debug|x64.Build.0 = Debug|x64
		{E89AFC35-70B8-4BED-832F-E8CE18494321}.Debug|x86.ActiveCfg = Debug|Win32
		{E89AFC35-70B8-4BED-832F-E8CE18494321}.Debug|x86.Build.0 = Debug|Win32
		{E89AFC35-70B8-4BED-832F-E8CE18494321}.Release|x64.ActiveCfg = Release|x64
		{E89AFC35-70B8-4BED-832F-E8CE18494321}.Release|x64.Build.0 = Release|x64
		{E89AFC35-70B8-4BED-832F-E8CE18494321}.Release|x86.ActiveCfg = Release|Win32
		{E89AFC35-70B8-4BED-832F-E8CE18494321}.Release|x86.Build.0 = Release|Win32
	EndGlobalSection
	GlobalSection(SolutionProperties) = preSolution
		HideSolutionNode = FALSE
	EndGlobalSection
	GlobalSection(ExtensibilityGlobals) = postSolution
		SolutionGuid = {0F7B08EB-E3F3-40F2-B62F-BABEDFD89452}
	EndGlobalSection
EndGlobal
